
Microsoft Visual Studio Solution File, Format Version 12.00
# Visual Studio 14
VisualStudioVersion = 14.0.25123.0
MinimumVisualStudioVersion = 10.0.40219.1
Project("{FAE04EC0-301F-11D3-BF4B-00C04F79EFBC}") = "Tokenizer", "Tokenizer\Tokenizer.csproj", "{74CEF0E1-8379-47DD-B8DA-3BC9A9796F4E}"
EndProject
Project("{FAE04EC0-301F-11D3-BF4B-00C04F79EFBC}") = "Main", "Main\Main.csproj", "{76652875-5435-415D-8323-3291191C7C7D}"
EndProject
Global
	GlobalSection(SolutionConfigurationPlatforms) = preSolution
		Debug|Any CPU = Debug|Any CPU
		Release|Any CPU = Release|Any CPU
	EndGlobalSection
	GlobalSection(ProjectConfigurationPlatforms) = postSolution
		{74CEF0E1-8379-47DD-B8DA-3BC9A9796F4E}.Debug|Any CPU.ActiveCfg = Debug|Any CPU
		{74CEF0E1-8379-47DD-B8DA-3BC9A9796F4E}.Debug|Any CPU.Build.0 = Debug|Any CPU
		{74CEF0E1-8379-47DD-B8DA-3BC9A9796F4E}.Release|Any CPU.ActiveCfg = Release|Any CPU
		{74CEF0E1-8379-47DD-B8DA-3BC9A9796F4E}.Release|Any CPU.Build.0 = Release|Any CPU
		{76652875-5435-415D-8323-3291191C7C7D}.Debug|Any CPU.ActiveCfg = Debug|Any CPU
		{76652875-5435-415D-8323-3291191C7C7D}.Debug|Any CPU.Build.0 = Debug|Any CPU
		{76652875-5435-415D-8323-3291191C7C7D}.Release|Any CPU.ActiveCfg = Release|Any CPU
		{76652875-5435-415D-8323-3291191C7C7D}.Release|Any CPU.Build.0 = Release|Any CPU
	EndGlobalSection
	GlobalSection(SolutionProperties) = preSolution
		HideSolutionNode = FALSE
	EndGlobalSection
EndGlobal
